# -------------------------------------------------------------------------- #
#
# Copyright (C) 1991-2013 Altera Corporation
# Your use of Altera Corporation's design tools, logic functions 
# and other software and tools, and its AMPP partner logic 
# functions, and any output files from any of the foregoing 
# (including device programming or simulation files), and any 
# associated documentation or information are expressly subject 
# to the terms and conditions of the Altera Program License 
# Subscription Agreement, Altera MegaCore Function License 
# Agreement, or other applicable license agreement, including, 
# without limitation, that your use is for the sole purpose of 
# programming logic devices manufactured by Altera and sold by 
# Altera or its authorized distributors.  Please refer to the 
# applicable agreement for further details.
#
# -------------------------------------------------------------------------- #
#
# Quartus II 64-Bit
# Version 13.0.1 Build 232 06/12/2013 Service Pack 1 SJ Web Edition
# Date created = 11:27:49  April 18, 2018
#
# -------------------------------------------------------------------------- #
#
# Notes:
#
# 1) The default values for assignments are stored in the file:
#		DE2_70_D5M_assignment_defaults.qdf
#    If this file doesn't exist, see file:
#		assignment_defaults.qdf
#
# 2) Altera recommends that you do not modify this file. This
#    file is updated automatically by the Quartus II software
#    and any changes you make may be lost or overwritten.
#
# -------------------------------------------------------------------------- #


set_global_assignment -name FAMILY "Cyclone II"
set_global_assignment -name DEVICE EP2C70F896C6
set_global_assignment -name TOP_LEVEL_ENTITY DE2_70_D5M
set_global_assignment -name ORIGINAL_QUARTUS_VERSION "13.0 SP1"
set_global_assignment -name PROJECT_CREATION_TIME_DATE "11:27:49  APRIL 18, 2018"
set_global_assignment -name LAST_QUARTUS_VERSION "13.0 SP1"
set_global_assignment -name PROJECT_OUTPUT_DIRECTORY output_files
set_global_assignment -name MIN_CORE_JUNCTION_TEMP 0
set_global_assignment -name MAX_CORE_JUNCTION_TEMP 85
set_global_assignment -name ERROR_CHECK_FREQUENCY_DIVISOR 1
set_global_assignment -name POWER_PRESET_COOLING_SOLUTION "23 MM HEAT SINK WITH 200 LFPM AIRFLOW"
set_global_assignment -name POWER_BOARD_THERMAL_MODEL "NONE (CONSERVATIVE)"
set_global_assignment -name PARTITION_NETLIST_TYPE SOURCE -section_id Top
set_global_assignment -name PARTITION_FITTER_PRESERVATION_LEVEL PLACEMENT_AND_ROUTING -section_id Top
set_global_assignment -name PARTITION_COLOR 16764057 -section_id Top
set_global_assignment -name STRATIX_DEVICE_IO_STANDARD "3.3-V LVTTL"
set_location_assignment PIN_AD15 -to CLOCK_50
set_location_assignment PIN_AF11 -to DE2_70_PIXEL_BUFFER_EXTERNAL_INTERFACE_ADDR[18]
set_location_assignment PIN_AE11 -to DE2_70_PIXEL_BUFFER_EXTERNAL_INTERFACE_ADDR[17]
set_location_assignment PIN_AG20 -to DE2_70_PIXEL_BUFFER_EXTERNAL_INTERFACE_ADDR[16]
set_location_assignment PIN_AF20 -to DE2_70_PIXEL_BUFFER_EXTERNAL_INTERFACE_ADDR[15]
set_location_assignment PIN_AC16 -to DE2_70_PIXEL_BUFFER_EXTERNAL_INTERFACE_ADDR[14]
set_location_assignment PIN_AF15 -to DE2_70_PIXEL_BUFFER_EXTERNAL_INTERFACE_ADDR[13]
set_location_assignment PIN_AE15 -to DE2_70_PIXEL_BUFFER_EXTERNAL_INTERFACE_ADDR[12]
set_location_assignment PIN_AG14 -to DE2_70_PIXEL_BUFFER_EXTERNAL_INTERFACE_ADDR[11]
set_location_assignment PIN_AF14 -to DE2_70_PIXEL_BUFFER_EXTERNAL_INTERFACE_ADDR[10]
set_location_assignment PIN_AE13 -to DE2_70_PIXEL_BUFFER_EXTERNAL_INTERFACE_ADDR[9]
set_location_assignment PIN_AD13 -to DE2_70_PIXEL_BUFFER_EXTERNAL_INTERFACE_ADDR[8]
set_location_assignment PIN_AG12 -to DE2_70_PIXEL_BUFFER_EXTERNAL_INTERFACE_ADDR[7]
set_location_assignment PIN_AE12 -to DE2_70_PIXEL_BUFFER_EXTERNAL_INTERFACE_ADDR[6]
set_location_assignment PIN_AG5 -to DE2_70_PIXEL_BUFFER_EXTERNAL_INTERFACE_ADDR[5]
set_location_assignment PIN_AG6 -to DE2_70_PIXEL_BUFFER_EXTERNAL_INTERFACE_ADDR[4]
set_location_assignment PIN_AG7 -to DE2_70_PIXEL_BUFFER_EXTERNAL_INTERFACE_ADDR[3]
set_location_assignment PIN_AH7 -to DE2_70_PIXEL_BUFFER_EXTERNAL_INTERFACE_ADDR[2]
set_location_assignment PIN_AF8 -to DE2_70_PIXEL_BUFFER_EXTERNAL_INTERFACE_ADDR[1]
set_location_assignment PIN_AG8 -to DE2_70_PIXEL_BUFFER_EXTERNAL_INTERFACE_ADDR[0]
set_location_assignment PIN_AG17 -to DE2_70_PIXEL_BUFFER_EXTERNAL_INTERFACE_ADSC_N
set_location_assignment PIN_AC18 -to DE2_70_PIXEL_BUFFER_EXTERNAL_INTERFACE_ADSP_N
set_location_assignment PIN_AD16 -to DE2_70_PIXEL_BUFFER_EXTERNAL_INTERFACE_ADV_N
set_location_assignment PIN_AH20 -to DE2_70_PIXEL_BUFFER_EXTERNAL_INTERFACE_BE_N[3]
set_location_assignment PIN_AD20 -to DE2_70_PIXEL_BUFFER_EXTERNAL_INTERFACE_BE_N[2]
set_location_assignment PIN_AC20 -to DE2_70_PIXEL_BUFFER_EXTERNAL_INTERFACE_BE_N[1]
set_location_assignment PIN_AC21 -to DE2_70_PIXEL_BUFFER_EXTERNAL_INTERFACE_BE_N[0]
set_location_assignment PIN_AH19 -to DE2_70_PIXEL_BUFFER_EXTERNAL_INTERFACE_CE1_N
set_location_assignment PIN_AG19 -to DE2_70_PIXEL_BUFFER_EXTERNAL_INTERFACE_CE2
set_location_assignment PIN_AD22 -to DE2_70_PIXEL_BUFFER_EXTERNAL_INTERFACE_CE3_N
set_location_assignment PIN_AD7 -to DE2_70_PIXEL_BUFFER_EXTERNAL_INTERFACE_CLK
set_location_assignment PIN_AJ9 -to DE2_70_PIXEL_BUFFER_EXTERNAL_INTERFACE_DPA[3]
set_location_assignment PIN_AK20 -to DE2_70_PIXEL_BUFFER_EXTERNAL_INTERFACE_DPA[2]
set_location_assignment PIN_AJ23 -to DE2_70_PIXEL_BUFFER_EXTERNAL_INTERFACE_DPA[1]
set_location_assignment PIN_AK9 -to DE2_70_PIXEL_BUFFER_EXTERNAL_INTERFACE_DPA[0]
set_location_assignment PIN_AK8 -to DE2_70_PIXEL_BUFFER_EXTERNAL_INTERFACE_DQ[31]
set_location_assignment PIN_AJ8 -to DE2_70_PIXEL_BUFFER_EXTERNAL_INTERFACE_DQ[30]
set_location_assignment PIN_AK7 -to DE2_70_PIXEL_BUFFER_EXTERNAL_INTERFACE_DQ[29]
set_location_assignment PIN_AK12 -to DE2_70_PIXEL_BUFFER_EXTERNAL_INTERFACE_DQ[28]
set_location_assignment PIN_AH13 -to DE2_70_PIXEL_BUFFER_EXTERNAL_INTERFACE_DQ[27]
set_location_assignment PIN_AJ13 -to DE2_70_PIXEL_BUFFER_EXTERNAL_INTERFACE_DQ[26]
set_location_assignment PIN_AJ14 -to DE2_70_PIXEL_BUFFER_EXTERNAL_INTERFACE_DQ[25]
set_location_assignment PIN_AK14 -to DE2_70_PIXEL_BUFFER_EXTERNAL_INTERFACE_DQ[24]
set_location_assignment PIN_AJ16 -to DE2_70_PIXEL_BUFFER_EXTERNAL_INTERFACE_DQ[23]
set_location_assignment PIN_AJ15 -to DE2_70_PIXEL_BUFFER_EXTERNAL_INTERFACE_DQ[22]
set_location_assignment PIN_AH15 -to DE2_70_PIXEL_BUFFER_EXTERNAL_INTERFACE_DQ[21]
set_location_assignment PIN_AJ22 -to DE2_70_PIXEL_BUFFER_EXTERNAL_INTERFACE_DQ[20]
set_location_assignment PIN_AK22 -to DE2_70_PIXEL_BUFFER_EXTERNAL_INTERFACE_DQ[19]
set_location_assignment PIN_AJ21 -to DE2_70_PIXEL_BUFFER_EXTERNAL_INTERFACE_DQ[18]
set_location_assignment PIN_AK21 -to DE2_70_PIXEL_BUFFER_EXTERNAL_INTERFACE_DQ[17]
set_location_assignment PIN_AJ20 -to DE2_70_PIXEL_BUFFER_EXTERNAL_INTERFACE_DQ[16]
set_location_assignment PIN_AK23 -to DE2_70_PIXEL_BUFFER_EXTERNAL_INTERFACE_DQ[15]
set_location_assignment PIN_AJ19 -to DE2_70_PIXEL_BUFFER_EXTERNAL_INTERFACE_DQ[14]
set_location_assignment PIN_AK19 -to DE2_70_PIXEL_BUFFER_EXTERNAL_INTERFACE_DQ[13]
set_location_assignment PIN_AH18 -to DE2_70_PIXEL_BUFFER_EXTERNAL_INTERFACE_DQ[12]
set_location_assignment PIN_AJ18 -to DE2_70_PIXEL_BUFFER_EXTERNAL_INTERFACE_DQ[11]
set_location_assignment PIN_AH17 -to DE2_70_PIXEL_BUFFER_EXTERNAL_INTERFACE_DQ[10]
set_location_assignment PIN_AJ17 -to DE2_70_PIXEL_BUFFER_EXTERNAL_INTERFACE_DQ[9]
set_location_assignment PIN_AK17 -to DE2_70_PIXEL_BUFFER_EXTERNAL_INTERFACE_DQ[8]
set_location_assignment PIN_AH16 -to DE2_70_PIXEL_BUFFER_EXTERNAL_INTERFACE_DQ[7]
set_location_assignment PIN_AJ12 -to DE2_70_PIXEL_BUFFER_EXTERNAL_INTERFACE_DQ[6]
set_location_assignment PIN_AH12 -to DE2_70_PIXEL_BUFFER_EXTERNAL_INTERFACE_DQ[5]
set_location_assignment PIN_AK11 -to DE2_70_PIXEL_BUFFER_EXTERNAL_INTERFACE_DQ[4]
set_location_assignment PIN_AJ11 -to DE2_70_PIXEL_BUFFER_EXTERNAL_INTERFACE_DQ[3]
set_location_assignment PIN_AK10 -to DE2_70_PIXEL_BUFFER_EXTERNAL_INTERFACE_DQ[2]
set_location_assignment PIN_AJ10 -to DE2_70_PIXEL_BUFFER_EXTERNAL_INTERFACE_DQ[1]
set_location_assignment PIN_AH10 -to DE2_70_PIXEL_BUFFER_EXTERNAL_INTERFACE_DQ[0]
set_location_assignment PIN_AG18 -to DE2_70_PIXEL_BUFFER_EXTERNAL_INTERFACE_GW_N
set_location_assignment PIN_AD18 -to DE2_70_PIXEL_BUFFER_EXTERNAL_INTERFACE_OE_N
set_location_assignment PIN_AF18 -to DE2_70_PIXEL_BUFFER_EXTERNAL_INTERFACE_WE_N
set_location_assignment PIN_AD6 -to DE2_70_SDRAM_CLK
set_location_assignment PIN_AF4 -to DE2_70_SDRAM_WIRE_ADDR[12]
set_location_assignment PIN_AE4 -to DE2_70_SDRAM_WIRE_ADDR[11]
set_location_assignment PIN_Y8 -to DE2_70_SDRAM_WIRE_ADDR[10]
set_location_assignment PIN_AC7 -to DE2_70_SDRAM_WIRE_ADDR[9]
set_location_assignment PIN_AD4 -to DE2_70_SDRAM_WIRE_ADDR[8]
set_location_assignment PIN_AC6 -to DE2_70_SDRAM_WIRE_ADDR[7]
set_location_assignment PIN_AC5 -to DE2_70_SDRAM_WIRE_ADDR[6]
set_location_assignment PIN_AC4 -to DE2_70_SDRAM_WIRE_ADDR[5]
set_location_assignment PIN_AB7 -to DE2_70_SDRAM_WIRE_ADDR[4]
set_location_assignment PIN_AB5 -to DE2_70_SDRAM_WIRE_ADDR[3]
set_location_assignment PIN_AA6 -to DE2_70_SDRAM_WIRE_ADDR[2]
set_location_assignment PIN_AA5 -to DE2_70_SDRAM_WIRE_ADDR[1]
set_location_assignment PIN_AA4 -to DE2_70_SDRAM_WIRE_ADDR[0]
set_location_assignment PIN_AA10 -to DE2_70_SDRAM_WIRE_BA[1]
set_location_assignment PIN_AA9 -to DE2_70_SDRAM_WIRE_BA[0]
set_location_assignment PIN_W10 -to DE2_70_SDRAM_WIRE_CAS_N
set_location_assignment PIN_AA8 -to DE2_70_SDRAM_WIRE_CKE
set_location_assignment PIN_Y10 -to DE2_70_SDRAM_WIRE_CS_N
set_location_assignment PIN_AH2 -to DE2_70_SDRAM_WIRE_DQ[15]
set_location_assignment PIN_AH1 -to DE2_70_SDRAM_WIRE_DQ[14]
set_location_assignment PIN_AG3 -to DE2_70_SDRAM_WIRE_DQ[13]
set_location_assignment PIN_AG2 -to DE2_70_SDRAM_WIRE_DQ[12]
set_location_assignment PIN_AF3 -to DE2_70_SDRAM_WIRE_DQ[11]
set_location_assignment PIN_AF2 -to DE2_70_SDRAM_WIRE_DQ[10]
set_location_assignment PIN_AF1 -to DE2_70_SDRAM_WIRE_DQ[9]
set_location_assignment PIN_AE3 -to DE2_70_SDRAM_WIRE_DQ[8]
set_location_assignment PIN_AE2 -to DE2_70_SDRAM_WIRE_DQ[7]
set_location_assignment PIN_AE1 -to DE2_70_SDRAM_WIRE_DQ[6]
set_location_assignment PIN_AD3 -to DE2_70_SDRAM_WIRE_DQ[5]
set_location_assignment PIN_AD2 -to DE2_70_SDRAM_WIRE_DQ[4]
set_location_assignment PIN_AD1 -to DE2_70_SDRAM_WIRE_DQ[3]
set_location_assignment PIN_AC3 -to DE2_70_SDRAM_WIRE_DQ[2]
set_location_assignment PIN_AC2 -to DE2_70_SDRAM_WIRE_DQ[1]
set_location_assignment PIN_AC1 -to DE2_70_SDRAM_WIRE_DQ[0]
set_location_assignment PIN_AB6 -to DE2_70_SDRAM_WIRE_DQM[1]
set_location_assignment PIN_V9 -to DE2_70_SDRAM_WIRE_DQM[0]
set_location_assignment PIN_Y9 -to DE2_70_SDRAM_WIRE_RAS_N
set_location_assignment PIN_W9 -to DE2_70_SDRAM_WIRE_WE_N
set_location_assignment PIN_D19 -to DE2_70_VGA_CONTROLLER_EXTERNAL_INTERFACE_B[9]
set_location_assignment PIN_C19 -to DE2_70_VGA_CONTROLLER_EXTERNAL_INTERFACE_B[8]
set_location_assignment PIN_A19 -to DE2_70_VGA_CONTROLLER_EXTERNAL_INTERFACE_B[7]
set_location_assignment PIN_B19 -to DE2_70_VGA_CONTROLLER_EXTERNAL_INTERFACE_B[6]
set_location_assignment PIN_B18 -to DE2_70_VGA_CONTROLLER_EXTERNAL_INTERFACE_B[5]
set_location_assignment PIN_C18 -to DE2_70_VGA_CONTROLLER_EXTERNAL_INTERFACE_B[4]
set_location_assignment PIN_B17 -to DE2_70_VGA_CONTROLLER_EXTERNAL_INTERFACE_B[3]
set_location_assignment PIN_A17 -to DE2_70_VGA_CONTROLLER_EXTERNAL_INTERFACE_B[2]
set_location_assignment PIN_C16 -to DE2_70_VGA_CONTROLLER_EXTERNAL_INTERFACE_B[1]
set_location_assignment PIN_B16 -to DE2_70_VGA_CONTROLLER_EXTERNAL_INTERFACE_B[0]
set_location_assignment PIN_C15 -to DE2_70_VGA_CONTROLLER_EXTERNAL_INTERFACE_BLANK
set_location_assignment PIN_D24 -to DE2_70_VGA_CONTROLLER_EXTERNAL_INTERFACE_CLK
set_location_assignment PIN_A14 -to DE2_70_VGA_CONTROLLER_EXTERNAL_INTERFACE_G[9]
set_location_assignment PIN_B14 -to DE2_70_VGA_CONTROLLER_EXTERNAL_INTERFACE_G[8]
set_location_assignment PIN_B13 -to DE2_70_VGA_CONTROLLER_EXTERNAL_INTERFACE_G[7]
set_location_assignment PIN_C13 -to DE2_70_VGA_CONTROLLER_EXTERNAL_INTERFACE_G[6]
set_location_assignment PIN_A12 -to DE2_70_VGA_CONTROLLER_EXTERNAL_INTERFACE_G[5]
set_location_assignment PIN_B12 -to DE2_70_VGA_CONTROLLER_EXTERNAL_INTERFACE_G[4]
set_location_assignment PIN_C12 -to DE2_70_VGA_CONTROLLER_EXTERNAL_INTERFACE_G[3]
set_location_assignment PIN_A11 -to DE2_70_VGA_CONTROLLER_EXTERNAL_INTERFACE_G[2]
set_location_assignment PIN_B11 -to DE2_70_VGA_CONTROLLER_EXTERNAL_INTERFACE_G[1]
set_location_assignment PIN_A10 -to DE2_70_VGA_CONTROLLER_EXTERNAL_INTERFACE_G[0]
set_location_assignment PIN_J19 -to DE2_70_VGA_CONTROLLER_EXTERNAL_INTERFACE_HS
set_location_assignment PIN_G20 -to DE2_70_VGA_CONTROLLER_EXTERNAL_INTERFACE_R[9]
set_location_assignment PIN_E20 -to DE2_70_VGA_CONTROLLER_EXTERNAL_INTERFACE_R[8]
set_location_assignment PIN_F20 -to DE2_70_VGA_CONTROLLER_EXTERNAL_INTERFACE_R[7]
set_location_assignment PIN_H20 -to DE2_70_VGA_CONTROLLER_EXTERNAL_INTERFACE_R[6]
set_location_assignment PIN_G21 -to DE2_70_VGA_CONTROLLER_EXTERNAL_INTERFACE_R[5]
set_location_assignment PIN_H21 -to DE2_70_VGA_CONTROLLER_EXTERNAL_INTERFACE_R[4]
set_location_assignment PIN_D22 -to DE2_70_VGA_CONTROLLER_EXTERNAL_INTERFACE_R[3]
set_location_assignment PIN_E22 -to DE2_70_VGA_CONTROLLER_EXTERNAL_INTERFACE_R[2]
set_location_assignment PIN_E23 -to DE2_70_VGA_CONTROLLER_EXTERNAL_INTERFACE_R[1]
set_location_assignment PIN_D23 -to DE2_70_VGA_CONTROLLER_EXTERNAL_INTERFACE_R[0]
set_location_assignment PIN_B15 -to DE2_70_VGA_CONTROLLER_EXTERNAL_INTERFACE_SYNC
set_location_assignment PIN_H19 -to DE2_70_VGA_CONTROLLER_EXTERNAL_INTERFACE_VS
set_location_assignment PIN_T29 -to KEY[0]
set_location_assignment PIN_P30 -to GPIO_1[31]
set_location_assignment PIN_R22 -to GPIO_1[30]
set_location_assignment PIN_P29 -to GPIO_1[29]
set_location_assignment PIN_R23 -to GPIO_1[28]
set_location_assignment PIN_N29 -to GPIO_1[27]
set_location_assignment PIN_P23 -to GPIO_1[26]
set_location_assignment PIN_N28 -to GPIO_1[25]
set_location_assignment PIN_J18 -to GPIO_1[24]
set_location_assignment PIN_H18 -to GPIO_1[23]
set_location_assignment PIN_M30 -to GPIO_1[22]
set_location_assignment PIN_R26 -to GPIO_1[21]
set_location_assignment PIN_M29 -to GPIO_1[20]
set_location_assignment PIN_P27 -to GPIO_1[19]
set_location_assignment PIN_P25 -to GPIO_1[18]
set_location_assignment PIN_P28 -to GPIO_1[17]
set_location_assignment PIN_P26 -to GPIO_1[16]
set_location_assignment PIN_L30 -to GPIO_1[15]
set_location_assignment PIN_L29 -to GPIO_1[14]
set_location_assignment PIN_M24 -to GPIO_1[13]
set_location_assignment PIN_K30 -to GPIO_1[12]
set_location_assignment PIN_M25 -to GPIO_1[11]
set_location_assignment PIN_K29 -to GPIO_1[10]
set_location_assignment PIN_L27 -to GPIO_1[9]
set_location_assignment PIN_K28 -to GPIO_1[8]
set_location_assignment PIN_L28 -to GPIO_1[7]
set_location_assignment PIN_K27 -to GPIO_1[6]
set_location_assignment PIN_L25 -to GPIO_1[5]
set_location_assignment PIN_H28 -to GPIO_1[4]
set_location_assignment PIN_L24 -to GPIO_1[3]
set_location_assignment PIN_H27 -to GPIO_1[2]
set_location_assignment PIN_G28 -to GPIO_1[1]
set_location_assignment PIN_G27 -to GPIO_1[0]
set_global_assignment -name QIP_FILE QSYS/de2_70/synthesis/de2_70.qip
set_global_assignment -name VHDL_FILE VHDL/DE2_70_D5M.vhd
set_instance_assignment -name PARTITION_HIERARCHY root_partition -to | -section_id Top